
Microsoft Visual Studio Solution File, Format Version 12.00
# Visual Studio Version 17
VisualStudioVersion = 17.0.31903.59
MinimumVisualStudioVersion = 10.0.40219.1
Project("{2150E333-8FDC-42A3-9474-1A3956D46DE8}") = "Solution Items", "Solution Items", "{CDF4496B-91E6-4801-A0DA-AE4467BB9561}"
	ProjectSection(SolutionItems) = preProject
		README.md = README.md
		LICENSE = LICENSE
		.gitignore = .gitignore
		Dockerfile = Dockerfile
		.dockerignore = .dockerignore
	EndProjectSection
EndProject
Project("{2150E333-8FDC-42A3-9474-1A3956D46DE8}") = "features", "features", "{1E81FB76-E341-497E-91A6-87919D374147}"
EndProject
Project("{2150E333-8FDC-42A3-9474-1A3956D46DE8}") = "user", "user", "{243FF0F5-243A-4437-9C98-5367E6E7BB53}"
EndProject
Project("{2150E333-8FDC-42A3-9474-1A3956D46DE8}") = ".github", ".github", "{D4E31ED1-50F3-42F0-BB63-2DF48129273D}"
EndProject
Project("{2150E333-8FDC-42A3-9474-1A3956D46DE8}") = "workflows", "workflows", "{56E483BD-7F85-4759-BC3E-6DF80A726AC6}"
	ProjectSection(SolutionItems) = preProject
		.github\workflows\backend-checks.yaml = .github\workflows\backend-checks.yaml
		.github\workflows\frontend-checks.yaml = .github\workflows\frontend-checks.yaml
		.github\workflows\backend-deploy.yaml = .github\workflows\backend-deploy.yaml
		.github\workflows\backend-deploy-prod.yaml = .github\workflows\backend-deploy-prod.yaml
		.github\workflows\backend-deploy-stage.yaml = .github\workflows\backend-deploy-stage.yaml
	EndProjectSection
EndProject
Project("{2150E333-8FDC-42A3-9474-1A3956D46DE8}") = "ISSUE_TEMPLATE", "ISSUE_TEMPLATE", "{EF1BE5AD-24F8-4636-9DB9-99AFB3C6C274}"
	ProjectSection(SolutionItems) = preProject
		.github\ISSUE_TEMPLATE\bug.yml = .github\ISSUE_TEMPLATE\bug.yml
		.github\ISSUE_TEMPLATE\task.yml = .github\ISSUE_TEMPLATE\task.yml
		.github\ISSUE_TEMPLATE\user-story.yml = .github\ISSUE_TEMPLATE\user-story.yml
	EndProjectSection
EndProject
Project("{2150E333-8FDC-42A3-9474-1A3956D46DE8}") = "team", "team", "{18475355-0907-4C1E-BA3E-FE69875A465E}"
EndProject
Project("{2150E333-8FDC-42A3-9474-1A3956D46DE8}") = "project", "project", "{C9BA45BE-9A8B-481F-96A1-7782C86E5B14}"
EndProject
Project("{FAE04EC0-301F-11D3-BF4B-00C04F79EFBC}") = "Garnet.Projects", "features\project\server\Garnet.Projects\Garnet.Projects.csproj", "{CFE4CF1B-2FB2-43BA-8564-C214309ACD54}"
EndProject
Project("{FAE04EC0-301F-11D3-BF4B-00C04F79EFBC}") = "Garnet.Teams", "features\team\server\Garnet.Teams\Garnet.Teams.csproj", "{73D4EA30-0358-43BF-92C1-861AFFB4A293}"
EndProject
Project("{FAE04EC0-301F-11D3-BF4B-00C04F79EFBC}") = "Garnet.Users", "features\user\server\Garnet.Users\Garnet.Users.csproj", "{3FB1BD22-0270-4C06-AC93-87A28AB64A07}"
EndProject
Project("{FAE04EC0-301F-11D3-BF4B-00C04F79EFBC}") = "Garnet.Projects.Application", "features\project\server\Garnet.Projects.Application\Garnet.Projects.Application.csproj", "{F84FBBD2-39AF-41AF-B409-D4ABDE570AD7}"
EndProject
Project("{FAE04EC0-301F-11D3-BF4B-00C04F79EFBC}") = "Garnet.Projects.Infrastructure", "features\project\server\Garnet.Projects.Infrastructure\Garnet.Projects.Infrastructure.csproj", "{FCB04B51-EFEA-48E9-BAC5-DD3ECB83F272}"
EndProject
Project("{FAE04EC0-301F-11D3-BF4B-00C04F79EFBC}") = "Garnet.Teams.AcceptanceTests", "features\team\server\Garnet.Teams.AcceptanceTests\Garnet.Teams.AcceptanceTests.csproj", "{CDC6CFEC-7083-454C-BF82-88EE583E00EC}"
EndProject
Project("{FAE04EC0-301F-11D3-BF4B-00C04F79EFBC}") = "Garnet.Projects.AcceptanceTests", "features\project\server\Garnet.Projects.AcceptanceTests\Garnet.Projects.AcceptanceTests.csproj", "{4B409BDA-01F6-4526-9925-98876E1E55C4}"
EndProject
Project("{FAE04EC0-301F-11D3-BF4B-00C04F79EFBC}") = "Garnet.Teams.Infrastructure", "features\team\server\Garnet.Teams.Infrastructure\Garnet.Teams.Infrastructure.csproj", "{90BDDFDF-BB67-4380-B2A5-AE846D63C936}"
EndProject
Project("{FAE04EC0-301F-11D3-BF4B-00C04F79EFBC}") = "Garnet.Teams.Application", "features\team\server\Garnet.Teams.Application\Garnet.Teams.Application.csproj", "{18E22D5E-0C11-4397-B3D1-E75FDA056D24}"
EndProject
Project("{FAE04EC0-301F-11D3-BF4B-00C04F79EFBC}") = "Garnet.Users.Application", "features\user\server\Garnet.Users.Application\Garnet.Users.Application.csproj", "{04EA6EB3-1430-42B0-85C2-B7A8A5B79519}"
EndProject
Project("{FAE04EC0-301F-11D3-BF4B-00C04F79EFBC}") = "Garnet.Users.Infrastructure", "features\user\server\Garnet.Users.Infrastructure\Garnet.Users.Infrastructure.csproj", "{93DA69C0-1503-450F-9A2B-ECB0B5E70235}"
EndProject
Project("{2150E333-8FDC-42A3-9474-1A3956D46DE8}") = "common", "common", "{78975F5D-BE52-446D-B816-674498D0CB9A}"
EndProject
Project("{FAE04EC0-301F-11D3-BF4B-00C04F79EFBC}") = "Garnet", "common\server\Garnet\Garnet.csproj", "{C8C09373-7B5C-4C47-986E-974198341982}"
EndProject
Project("{FAE04EC0-301F-11D3-BF4B-00C04F79EFBC}") = "Garnet.Common.AcceptanceTests", "common\server\Garnet.Common.AcceptanceTests\Garnet.Common.AcceptanceTests.csproj", "{E61EDF07-CA8C-4C6B-9A27-00C201EB10F2}"
EndProject
Project("{FAE04EC0-301F-11D3-BF4B-00C04F79EFBC}") = "Garnet.Users.AcceptanceTests", "features\user\server\Garnet.Users.AcceptanceTests\Garnet.Users.AcceptanceTests.csproj", "{87242F6D-ADD3-4F92-8DE4-EC905C6EA4C4}"
EndProject
Project("{FAE04EC0-301F-11D3-BF4B-00C04F79EFBC}") = "Garnet.Common.Infrastructure", "common\server\Garnet.Common.Infrastructure\Garnet.Common.Infrastructure.csproj", "{C1C7C5E9-331C-49BE-B6A1-CDFB1AF4E6E7}"
EndProject
Project("{2150E333-8FDC-42A3-9474-1A3956D46DE8}") = "config", "config", "{A91BD3DA-40D2-4D9F-8273-F5A55C4323BF}"
	ProjectSection(SolutionItems) = preProject
		config\deploy.prod.yml = config\deploy.prod.yml
		config\deploy.stage.yml = config\deploy.stage.yml
		config\deploy.yml = config\deploy.yml
	EndProjectSection
EndProject
Project("{FAE04EC0-301F-11D3-BF4B-00C04F79EFBC}") = "Garnet.Common.Application", "common\server\Garnet.Common.Application\Garnet.Common.Application.csproj", "{D64B1634-E3F0-4006-B1A9-FDCDF8420D87}"
EndProject
Project("{FAE04EC0-301F-11D3-BF4B-00C04F79EFBC}") = "Garnet.Users.Events", "features\user\server\Garnet.Users.Events\Garnet.Users.Events.csproj", "{42D2252F-67C1-458D-BDF3-F5828C758FF5}"
EndProject
Project("{FAE04EC0-301F-11D3-BF4B-00C04F79EFBC}") = "Garnet.Projects.Events", "features\project\server\Garnet.Projects.Events\Garnet.Projects.Events.csproj", "{73AABE84-BC31-4653-9E6F-21B6454AF673}"
EndProject
Project("{FAE04EC0-301F-11D3-BF4B-00C04F79EFBC}") = "Garnet.Teams.Events", "features\team\server\Garnet.Teams.Events\Garnet.Teams.Events.csproj", "{6FBD03CB-70F8-4112-B2F5-EBFE9F6AB0C2}"
EndProject
Project("{2150E333-8FDC-42A3-9474-1A3956D46DE8}") = "notification", "notification", "{737980B7-6FAA-490D-851F-992B191027C6}"
EndProject
Project("{2150E333-8FDC-42A3-9474-1A3956D46DE8}") = "server", "server", "{198B0C77-B9DA-4DF1-9736-8F7B01C2DF42}"
EndProject
Project("{FAE04EC0-301F-11D3-BF4B-00C04F79EFBC}") = "Garnet.Notifications", "features\notification\server\Garnet.Notifications\Garnet.Notifications.csproj", "{C93F6616-7052-47CB-A40B-A64F0071DF79}"
EndProject
Project("{FAE04EC0-301F-11D3-BF4B-00C04F79EFBC}") = "Garnet.Notifications.AcceptanceTests", "features\notification\server\Garnet.Notifications.AcceptanceTests\Garnet.Notifications.AcceptanceTests.csproj", "{A9FFBAF7-2CAF-4F82-8499-49E01B66D9D4}"
EndProject
Project("{FAE04EC0-301F-11D3-BF4B-00C04F79EFBC}") = "Garnet.Notifications.Application", "features\notification\server\Garnet.Notifications.Application\Garnet.Notifications.Application.csproj", "{14C526CB-05C5-4A5B-88BB-6A58FF118C47}"
EndProject
Project("{FAE04EC0-301F-11D3-BF4B-00C04F79EFBC}") = "Garnet.Notifications.Events", "features\notification\server\Garnet.Notifications.Events\Garnet.Notifications.Events.csproj", "{A794D81D-65AF-49CD-BBE9-413A33905E53}"
EndProject
Project("{FAE04EC0-301F-11D3-BF4B-00C04F79EFBC}") = "Garnet.Notifications.Infrastructure", "features\notification\server\Garnet.Notifications.Infrastructure\Garnet.Notifications.Infrastructure.csproj", "{F396B8A7-88F9-4B8E-9FC8-2502F93A0005}"
EndProject
Project("{2150E333-8FDC-42A3-9474-1A3956D46DE8}") = "newsfeed", "newsfeed", "{9B0E5801-E821-4DAB-997C-D87412BC95CF}"
EndProject
Project("{2150E333-8FDC-42A3-9474-1A3956D46DE8}") = "server", "server", "{5866967C-3A74-4C7A-AAD4-845EE3777DB6}"
EndProject
Project("{FAE04EC0-301F-11D3-BF4B-00C04F79EFBC}") = "Garnet.NewsFeed.AcceptanceTests", "features\newsfeed\server\Garnet.NewsFeed.AcceptanceTests\Garnet.NewsFeed.AcceptanceTests.csproj", "{0529CB17-FC53-4F31-BC36-38B3F14EED74}"
EndProject
Project("{FAE04EC0-301F-11D3-BF4B-00C04F79EFBC}") = "Garnet.NewsFeed", "features\newsfeed\server\Garnet.NewsFeed\Garnet.NewsFeed.csproj", "{E2D52DCE-C139-4E47-A3FA-17D1021FECBA}"
EndProject
Project("{FAE04EC0-301F-11D3-BF4B-00C04F79EFBC}") = "Garnet.NewsFeed.Application", "features\newsfeed\server\Garnet.NewsFeed.Application\Garnet.NewsFeed.Application.csproj", "{8588B548-D28F-4BC5-A4E6-085506D10775}"
EndProject
Project("{FAE04EC0-301F-11D3-BF4B-00C04F79EFBC}") = "Garnet.NewsFeed.Events", "features\newsfeed\server\Garnet.NewsFeed.Events\Garnet.NewsFeed.Events.csproj", "{E0D0389A-4F64-4E69-9775-CB0576A57384}"
EndProject
Project("{FAE04EC0-301F-11D3-BF4B-00C04F79EFBC}") = "Garnet.NewsFeed.Infrastructure", "features\newsfeed\server\Garnet.NewsFeed.Infrastructure\Garnet.NewsFeed.Infrastructure.csproj", "{2AA69C87-FC4B-41DB-947C-E63AD8D51847}"
EndProject
Global
	GlobalSection(SolutionConfigurationPlatforms) = preSolution
		Debug|Any CPU = Debug|Any CPU
		Release|Any CPU = Release|Any CPU
	EndGlobalSection
	GlobalSection(SolutionProperties) = preSolution
		HideSolutionNode = FALSE
	EndGlobalSection
	GlobalSection(NestedProjects) = preSolution
		{243FF0F5-243A-4437-9C98-5367E6E7BB53} = {1E81FB76-E341-497E-91A6-87919D374147}
		{56E483BD-7F85-4759-BC3E-6DF80A726AC6} = {D4E31ED1-50F3-42F0-BB63-2DF48129273D}
		{EF1BE5AD-24F8-4636-9DB9-99AFB3C6C274} = {D4E31ED1-50F3-42F0-BB63-2DF48129273D}
		{18475355-0907-4C1E-BA3E-FE69875A465E} = {1E81FB76-E341-497E-91A6-87919D374147}
		{C9BA45BE-9A8B-481F-96A1-7782C86E5B14} = {1E81FB76-E341-497E-91A6-87919D374147}
		{CFE4CF1B-2FB2-43BA-8564-C214309ACD54} = {C9BA45BE-9A8B-481F-96A1-7782C86E5B14}
		{73D4EA30-0358-43BF-92C1-861AFFB4A293} = {18475355-0907-4C1E-BA3E-FE69875A465E}
		{3FB1BD22-0270-4C06-AC93-87A28AB64A07} = {243FF0F5-243A-4437-9C98-5367E6E7BB53}
		{F84FBBD2-39AF-41AF-B409-D4ABDE570AD7} = {C9BA45BE-9A8B-481F-96A1-7782C86E5B14}
		{FCB04B51-EFEA-48E9-BAC5-DD3ECB83F272} = {C9BA45BE-9A8B-481F-96A1-7782C86E5B14}
		{CDC6CFEC-7083-454C-BF82-88EE583E00EC} = {18475355-0907-4C1E-BA3E-FE69875A465E}
		{4B409BDA-01F6-4526-9925-98876E1E55C4} = {C9BA45BE-9A8B-481F-96A1-7782C86E5B14}
		{90BDDFDF-BB67-4380-B2A5-AE846D63C936} = {18475355-0907-4C1E-BA3E-FE69875A465E}
		{18E22D5E-0C11-4397-B3D1-E75FDA056D24} = {18475355-0907-4C1E-BA3E-FE69875A465E}
		{04EA6EB3-1430-42B0-85C2-B7A8A5B79519} = {243FF0F5-243A-4437-9C98-5367E6E7BB53}
		{93DA69C0-1503-450F-9A2B-ECB0B5E70235} = {243FF0F5-243A-4437-9C98-5367E6E7BB53}
		{C8C09373-7B5C-4C47-986E-974198341982} = {78975F5D-BE52-446D-B816-674498D0CB9A}
		{E61EDF07-CA8C-4C6B-9A27-00C201EB10F2} = {78975F5D-BE52-446D-B816-674498D0CB9A}
		{87242F6D-ADD3-4F92-8DE4-EC905C6EA4C4} = {243FF0F5-243A-4437-9C98-5367E6E7BB53}
		{C1C7C5E9-331C-49BE-B6A1-CDFB1AF4E6E7} = {78975F5D-BE52-446D-B816-674498D0CB9A}
		{A91BD3DA-40D2-4D9F-8273-F5A55C4323BF} = {CDF4496B-91E6-4801-A0DA-AE4467BB9561}
		{D64B1634-E3F0-4006-B1A9-FDCDF8420D87} = {78975F5D-BE52-446D-B816-674498D0CB9A}
		{42D2252F-67C1-458D-BDF3-F5828C758FF5} = {243FF0F5-243A-4437-9C98-5367E6E7BB53}
		{73AABE84-BC31-4653-9E6F-21B6454AF673} = {C9BA45BE-9A8B-481F-96A1-7782C86E5B14}
		{6FBD03CB-70F8-4112-B2F5-EBFE9F6AB0C2} = {18475355-0907-4C1E-BA3E-FE69875A465E}
		{737980B7-6FAA-490D-851F-992B191027C6} = {1E81FB76-E341-497E-91A6-87919D374147}
		{198B0C77-B9DA-4DF1-9736-8F7B01C2DF42} = {737980B7-6FAA-490D-851F-992B191027C6}
		{C93F6616-7052-47CB-A40B-A64F0071DF79} = {198B0C77-B9DA-4DF1-9736-8F7B01C2DF42}
		{A9FFBAF7-2CAF-4F82-8499-49E01B66D9D4} = {198B0C77-B9DA-4DF1-9736-8F7B01C2DF42}
		{14C526CB-05C5-4A5B-88BB-6A58FF118C47} = {198B0C77-B9DA-4DF1-9736-8F7B01C2DF42}
		{A794D81D-65AF-49CD-BBE9-413A33905E53} = {198B0C77-B9DA-4DF1-9736-8F7B01C2DF42}
		{F396B8A7-88F9-4B8E-9FC8-2502F93A0005} = {198B0C77-B9DA-4DF1-9736-8F7B01C2DF42}
		{9B0E5801-E821-4DAB-997C-D87412BC95CF} = {1E81FB76-E341-497E-91A6-87919D374147}
		{5866967C-3A74-4C7A-AAD4-845EE3777DB6} = {9B0E5801-E821-4DAB-997C-D87412BC95CF}
		{0529CB17-FC53-4F31-BC36-38B3F14EED74} = {5866967C-3A74-4C7A-AAD4-845EE3777DB6}
		{E2D52DCE-C139-4E47-A3FA-17D1021FECBA} = {5866967C-3A74-4C7A-AAD4-845EE3777DB6}
		{8588B548-D28F-4BC5-A4E6-085506D10775} = {5866967C-3A74-4C7A-AAD4-845EE3777DB6}
		{E0D0389A-4F64-4E69-9775-CB0576A57384} = {5866967C-3A74-4C7A-AAD4-845EE3777DB6}
		{2AA69C87-FC4B-41DB-947C-E63AD8D51847} = {5866967C-3A74-4C7A-AAD4-845EE3777DB6}
	EndGlobalSection
	GlobalSection(ProjectConfigurationPlatforms) = postSolution
		{CFE4CF1B-2FB2-43BA-8564-C214309ACD54}.Debug|Any CPU.ActiveCfg = Debug|Any CPU
		{CFE4CF1B-2FB2-43BA-8564-C214309ACD54}.Debug|Any CPU.Build.0 = Debug|Any CPU
		{CFE4CF1B-2FB2-43BA-8564-C214309ACD54}.Release|Any CPU.ActiveCfg = Release|Any CPU
		{CFE4CF1B-2FB2-43BA-8564-C214309ACD54}.Release|Any CPU.Build.0 = Release|Any CPU
		{73D4EA30-0358-43BF-92C1-861AFFB4A293}.Debug|Any CPU.ActiveCfg = Debug|Any CPU
		{73D4EA30-0358-43BF-92C1-861AFFB4A293}.Debug|Any CPU.Build.0 = Debug|Any CPU
		{73D4EA30-0358-43BF-92C1-861AFFB4A293}.Release|Any CPU.ActiveCfg = Release|Any CPU
		{73D4EA30-0358-43BF-92C1-861AFFB4A293}.Release|Any CPU.Build.0 = Release|Any CPU
		{3FB1BD22-0270-4C06-AC93-87A28AB64A07}.Debug|Any CPU.ActiveCfg = Debug|Any CPU
		{3FB1BD22-0270-4C06-AC93-87A28AB64A07}.Debug|Any CPU.Build.0 = Debug|Any CPU
		{3FB1BD22-0270-4C06-AC93-87A28AB64A07}.Release|Any CPU.ActiveCfg = Release|Any CPU
		{3FB1BD22-0270-4C06-AC93-87A28AB64A07}.Release|Any CPU.Build.0 = Release|Any CPU
		{F84FBBD2-39AF-41AF-B409-D4ABDE570AD7}.Debug|Any CPU.ActiveCfg = Debug|Any CPU
		{F84FBBD2-39AF-41AF-B409-D4ABDE570AD7}.Debug|Any CPU.Build.0 = Debug|Any CPU
		{F84FBBD2-39AF-41AF-B409-D4ABDE570AD7}.Release|Any CPU.ActiveCfg = Release|Any CPU
		{F84FBBD2-39AF-41AF-B409-D4ABDE570AD7}.Release|Any CPU.Build.0 = Release|Any CPU
		{FCB04B51-EFEA-48E9-BAC5-DD3ECB83F272}.Debug|Any CPU.ActiveCfg = Debug|Any CPU
		{FCB04B51-EFEA-48E9-BAC5-DD3ECB83F272}.Debug|Any CPU.Build.0 = Debug|Any CPU
		{FCB04B51-EFEA-48E9-BAC5-DD3ECB83F272}.Release|Any CPU.ActiveCfg = Release|Any CPU
		{FCB04B51-EFEA-48E9-BAC5-DD3ECB83F272}.Release|Any CPU.Build.0 = Release|Any CPU
		{CDC6CFEC-7083-454C-BF82-88EE583E00EC}.Debug|Any CPU.ActiveCfg = Debug|Any CPU
		{CDC6CFEC-7083-454C-BF82-88EE583E00EC}.Debug|Any CPU.Build.0 = Debug|Any CPU
		{CDC6CFEC-7083-454C-BF82-88EE583E00EC}.Release|Any CPU.ActiveCfg = Release|Any CPU
		{CDC6CFEC-7083-454C-BF82-88EE583E00EC}.Release|Any CPU.Build.0 = Release|Any CPU
		{4B409BDA-01F6-4526-9925-98876E1E55C4}.Debug|Any CPU.ActiveCfg = Debug|Any CPU
		{4B409BDA-01F6-4526-9925-98876E1E55C4}.Debug|Any CPU.Build.0 = Debug|Any CPU
		{4B409BDA-01F6-4526-9925-98876E1E55C4}.Release|Any CPU.ActiveCfg = Release|Any CPU
		{4B409BDA-01F6-4526-9925-98876E1E55C4}.Release|Any CPU.Build.0 = Release|Any CPU
		{90BDDFDF-BB67-4380-B2A5-AE846D63C936}.Debug|Any CPU.ActiveCfg = Debug|Any CPU
		{90BDDFDF-BB67-4380-B2A5-AE846D63C936}.Debug|Any CPU.Build.0 = Debug|Any CPU
		{90BDDFDF-BB67-4380-B2A5-AE846D63C936}.Release|Any CPU.ActiveCfg = Release|Any CPU
		{90BDDFDF-BB67-4380-B2A5-AE846D63C936}.Release|Any CPU.Build.0 = Release|Any CPU
		{18E22D5E-0C11-4397-B3D1-E75FDA056D24}.Debug|Any CPU.ActiveCfg = Debug|Any CPU
		{18E22D5E-0C11-4397-B3D1-E75FDA056D24}.Debug|Any CPU.Build.0 = Debug|Any CPU
		{18E22D5E-0C11-4397-B3D1-E75FDA056D24}.Release|Any CPU.ActiveCfg = Release|Any CPU
		{18E22D5E-0C11-4397-B3D1-E75FDA056D24}.Release|Any CPU.Build.0 = Release|Any CPU
		{04EA6EB3-1430-42B0-85C2-B7A8A5B79519}.Debug|Any CPU.ActiveCfg = Debug|Any CPU
		{04EA6EB3-1430-42B0-85C2-B7A8A5B79519}.Debug|Any CPU.Build.0 = Debug|Any CPU
		{04EA6EB3-1430-42B0-85C2-B7A8A5B79519}.Release|Any CPU.ActiveCfg = Release|Any CPU
		{04EA6EB3-1430-42B0-85C2-B7A8A5B79519}.Release|Any CPU.Build.0 = Release|Any CPU
		{93DA69C0-1503-450F-9A2B-ECB0B5E70235}.Debug|Any CPU.ActiveCfg = Debug|Any CPU
		{93DA69C0-1503-450F-9A2B-ECB0B5E70235}.Debug|Any CPU.Build.0 = Debug|Any CPU
		{93DA69C0-1503-450F-9A2B-ECB0B5E70235}.Release|Any CPU.ActiveCfg = Release|Any CPU
		{93DA69C0-1503-450F-9A2B-ECB0B5E70235}.Release|Any CPU.Build.0 = Release|Any CPU
		{C8C09373-7B5C-4C47-986E-974198341982}.Debug|Any CPU.ActiveCfg = Debug|Any CPU
		{C8C09373-7B5C-4C47-986E-974198341982}.Debug|Any CPU.Build.0 = Debug|Any CPU
		{C8C09373-7B5C-4C47-986E-974198341982}.Release|Any CPU.ActiveCfg = Release|Any CPU
		{C8C09373-7B5C-4C47-986E-974198341982}.Release|Any CPU.Build.0 = Release|Any CPU
		{E61EDF07-CA8C-4C6B-9A27-00C201EB10F2}.Debug|Any CPU.ActiveCfg = Debug|Any CPU
		{E61EDF07-CA8C-4C6B-9A27-00C201EB10F2}.Debug|Any CPU.Build.0 = Debug|Any CPU
		{E61EDF07-CA8C-4C6B-9A27-00C201EB10F2}.Release|Any CPU.ActiveCfg = Release|Any CPU
		{E61EDF07-CA8C-4C6B-9A27-00C201EB10F2}.Release|Any CPU.Build.0 = Release|Any CPU
		{87242F6D-ADD3-4F92-8DE4-EC905C6EA4C4}.Debug|Any CPU.ActiveCfg = Debug|Any CPU
		{87242F6D-ADD3-4F92-8DE4-EC905C6EA4C4}.Debug|Any CPU.Build.0 = Debug|Any CPU
		{87242F6D-ADD3-4F92-8DE4-EC905C6EA4C4}.Release|Any CPU.ActiveCfg = Release|Any CPU
		{87242F6D-ADD3-4F92-8DE4-EC905C6EA4C4}.Release|Any CPU.Build.0 = Release|Any CPU
		{C1C7C5E9-331C-49BE-B6A1-CDFB1AF4E6E7}.Debug|Any CPU.ActiveCfg = Debug|Any CPU
		{C1C7C5E9-331C-49BE-B6A1-CDFB1AF4E6E7}.Debug|Any CPU.Build.0 = Debug|Any CPU
		{C1C7C5E9-331C-49BE-B6A1-CDFB1AF4E6E7}.Release|Any CPU.ActiveCfg = Release|Any CPU
		{C1C7C5E9-331C-49BE-B6A1-CDFB1AF4E6E7}.Release|Any CPU.Build.0 = Release|Any CPU
		{D64B1634-E3F0-4006-B1A9-FDCDF8420D87}.Debug|Any CPU.ActiveCfg = Debug|Any CPU
		{D64B1634-E3F0-4006-B1A9-FDCDF8420D87}.Debug|Any CPU.Build.0 = Debug|Any CPU
		{D64B1634-E3F0-4006-B1A9-FDCDF8420D87}.Release|Any CPU.ActiveCfg = Release|Any CPU
		{D64B1634-E3F0-4006-B1A9-FDCDF8420D87}.Release|Any CPU.Build.0 = Release|Any CPU
		{42D2252F-67C1-458D-BDF3-F5828C758FF5}.Debug|Any CPU.ActiveCfg = Debug|Any CPU
		{42D2252F-67C1-458D-BDF3-F5828C758FF5}.Debug|Any CPU.Build.0 = Debug|Any CPU
		{42D2252F-67C1-458D-BDF3-F5828C758FF5}.Release|Any CPU.ActiveCfg = Release|Any CPU
		{42D2252F-67C1-458D-BDF3-F5828C758FF5}.Release|Any CPU.Build.0 = Release|Any CPU
		{73AABE84-BC31-4653-9E6F-21B6454AF673}.Debug|Any CPU.ActiveCfg = Debug|Any CPU
		{73AABE84-BC31-4653-9E6F-21B6454AF673}.Debug|Any CPU.Build.0 = Debug|Any CPU
		{73AABE84-BC31-4653-9E6F-21B6454AF673}.Release|Any CPU.ActiveCfg = Release|Any CPU
		{73AABE84-BC31-4653-9E6F-21B6454AF673}.Release|Any CPU.Build.0 = Release|Any CPU
		{6FBD03CB-70F8-4112-B2F5-EBFE9F6AB0C2}.Debug|Any CPU.ActiveCfg = Debug|Any CPU
		{6FBD03CB-70F8-4112-B2F5-EBFE9F6AB0C2}.Debug|Any CPU.Build.0 = Debug|Any CPU
		{6FBD03CB-70F8-4112-B2F5-EBFE9F6AB0C2}.Release|Any CPU.ActiveCfg = Release|Any CPU
		{6FBD03CB-70F8-4112-B2F5-EBFE9F6AB0C2}.Release|Any CPU.Build.0 = Release|Any CPU
		{C93F6616-7052-47CB-A40B-A64F0071DF79}.Debug|Any CPU.ActiveCfg = Debug|Any CPU
		{C93F6616-7052-47CB-A40B-A64F0071DF79}.Debug|Any CPU.Build.0 = Debug|Any CPU
		{C93F6616-7052-47CB-A40B-A64F0071DF79}.Release|Any CPU.ActiveCfg = Release|Any CPU
		{C93F6616-7052-47CB-A40B-A64F0071DF79}.Release|Any CPU.Build.0 = Release|Any CPU
		{A9FFBAF7-2CAF-4F82-8499-49E01B66D9D4}.Debug|Any CPU.ActiveCfg = Debug|Any CPU
		{A9FFBAF7-2CAF-4F82-8499-49E01B66D9D4}.Debug|Any CPU.Build.0 = Debug|Any CPU
		{A9FFBAF7-2CAF-4F82-8499-49E01B66D9D4}.Release|Any CPU.ActiveCfg = Release|Any CPU
		{A9FFBAF7-2CAF-4F82-8499-49E01B66D9D4}.Release|Any CPU.Build.0 = Release|Any CPU
		{14C526CB-05C5-4A5B-88BB-6A58FF118C47}.Debug|Any CPU.ActiveCfg = Debug|Any CPU
		{14C526CB-05C5-4A5B-88BB-6A58FF118C47}.Debug|Any CPU.Build.0 = Debug|Any CPU
		{14C526CB-05C5-4A5B-88BB-6A58FF118C47}.Release|Any CPU.ActiveCfg = Release|Any CPU
		{14C526CB-05C5-4A5B-88BB-6A58FF118C47}.Release|Any CPU.Build.0 = Release|Any CPU
		{A794D81D-65AF-49CD-BBE9-413A33905E53}.Debug|Any CPU.ActiveCfg = Debug|Any CPU
		{A794D81D-65AF-49CD-BBE9-413A33905E53}.Debug|Any CPU.Build.0 = Debug|Any CPU
		{A794D81D-65AF-49CD-BBE9-413A33905E53}.Release|Any CPU.ActiveCfg = Release|Any CPU
		{A794D81D-65AF-49CD-BBE9-413A33905E53}.Release|Any CPU.Build.0 = Release|Any CPU
		{F396B8A7-88F9-4B8E-9FC8-2502F93A0005}.Debug|Any CPU.ActiveCfg = Debug|Any CPU
		{F396B8A7-88F9-4B8E-9FC8-2502F93A0005}.Debug|Any CPU.Build.0 = Debug|Any CPU
		{F396B8A7-88F9-4B8E-9FC8-2502F93A0005}.Release|Any CPU.ActiveCfg = Release|Any CPU
		{F396B8A7-88F9-4B8E-9FC8-2502F93A0005}.Release|Any CPU.Build.0 = Release|Any CPU
		{0529CB17-FC53-4F31-BC36-38B3F14EED74}.Debug|Any CPU.ActiveCfg = Debug|Any CPU
		{0529CB17-FC53-4F31-BC36-38B3F14EED74}.Debug|Any CPU.Build.0 = Debug|Any CPU
		{0529CB17-FC53-4F31-BC36-38B3F14EED74}.Release|Any CPU.ActiveCfg = Release|Any CPU
		{0529CB17-FC53-4F31-BC36-38B3F14EED74}.Release|Any CPU.Build.0 = Release|Any CPU
		{E2D52DCE-C139-4E47-A3FA-17D1021FECBA}.Debug|Any CPU.ActiveCfg = Debug|Any CPU
		{E2D52DCE-C139-4E47-A3FA-17D1021FECBA}.Debug|Any CPU.Build.0 = Debug|Any CPU
		{E2D52DCE-C139-4E47-A3FA-17D1021FECBA}.Release|Any CPU.ActiveCfg = Release|Any CPU
		{E2D52DCE-C139-4E47-A3FA-17D1021FECBA}.Release|Any CPU.Build.0 = Release|Any CPU
		{8588B548-D28F-4BC5-A4E6-085506D10775}.Debug|Any CPU.ActiveCfg = Debug|Any CPU
		{8588B548-D28F-4BC5-A4E6-085506D10775}.Debug|Any CPU.Build.0 = Debug|Any CPU
		{8588B548-D28F-4BC5-A4E6-085506D10775}.Release|Any CPU.ActiveCfg = Release|Any CPU
		{8588B548-D28F-4BC5-A4E6-085506D10775}.Release|Any CPU.Build.0 = Release|Any CPU
		{E0D0389A-4F64-4E69-9775-CB0576A57384}.Debug|Any CPU.ActiveCfg = Debug|Any CPU
		{E0D0389A-4F64-4E69-9775-CB0576A57384}.Debug|Any CPU.Build.0 = Debug|Any CPU
		{E0D0389A-4F64-4E69-9775-CB0576A57384}.Release|Any CPU.ActiveCfg = Release|Any CPU
		{E0D0389A-4F64-4E69-9775-CB0576A57384}.Release|Any CPU.Build.0 = Release|Any CPU
		{2AA69C87-FC4B-41DB-947C-E63AD8D51847}.Debug|Any CPU.ActiveCfg = Debug|Any CPU
		{2AA69C87-FC4B-41DB-947C-E63AD8D51847}.Debug|Any CPU.Build.0 = Debug|Any CPU
		{2AA69C87-FC4B-41DB-947C-E63AD8D51847}.Release|Any CPU.ActiveCfg = Release|Any CPU
		{2AA69C87-FC4B-41DB-947C-E63AD8D51847}.Release|Any CPU.Build.0 = Release|Any CPU
	EndGlobalSection
EndGlobal
